// !$*UTF8*$!
{
	archiveVersion = 1;
	classes = {
	};
	objectVersion = 77;
	objects = {
		62DE57372F02EF8F00A1D4EB /* XCRemoteSwiftPackageReference "GRDB.swift" */ = {
			isa = XCRemoteSwiftPackageReference;
			repositoryURL = "https://github.com/groue/GRDB.swift.git";
			requirement = {
				kind = upToNextMajorVersion;
				minimumVersion = 6.0.0;
			};
		};
		62DE57382F02EF8F00A1D4EB /* GRDB */ = {
			isa = XCSwiftPackageProductDependency;
			package = 62DE57372F02EF8F00A1D4EB /* XCRemoteSwiftPackageReference "GRDB.swift" */;
			productName = GRDB;
		};

/* Begin PBXBuildFile section */
		6277341F2F0A8AA30091C40C /* TidalDLService.swift in Sources */ = {isa = PBXBuildFile; fileRef = 6277341D2F0A8AA30091C40C /* TidalDLService.swift */; };
		627734232F0A8AE10091C40C /* OnlineViewModel.swift in Sources */ = {isa = PBXBuildFile; fileRef = 627734212F0A8AE10091C40C /* OnlineViewModel.swift */; };
		627734242F0A8AE10091C40C /* OnlineView.swift in Sources */ = {isa = PBXBuildFile; fileRef = 627734202F0A8AE10091C40C /* OnlineView.swift */; };
		627734262F0A8B0E0091C40C /* DownloadManager.swift in Sources */ = {isa = PBXBuildFile; fileRef = 627734252F0A8B0E0091C40C /* DownloadManager.swift */; };
		62DE57292F02BC4400A1D4EB /* libbass.dylib in Frameworks */ = {isa = PBXBuildFile; fileRef = 62DE57282F02BC4400A1D4EB /* libbass.dylib */; };
		62DE572A2F02BC4400A1D4EB /* libbass.dylib in Embed Libraries */ = {isa = PBXBuildFile; fileRef = 62DE57282F02BC4400A1D4EB /* libbass.dylib */; settings = {ATTRIBUTES = (CodeSignOnCopy, ); }; };
		62DE57392F02EF8F00A1D4EB /* GRDB in Frameworks */ = {isa = PBXBuildFile; productRef = 62DE57382F02EF8F00A1D4EB /* GRDB */; };
		BAA00001 /* Assets.xcassets in Resources */ = {isa = PBXBuildFile; fileRef = BAA00000 /* Assets.xcassets */; };
		FFB00000 /* Sangeet3App.swift in Sources */ = {isa = PBXBuildFile; fileRef = FFA00000 /* Sangeet3App.swift */; };
		FFB00001 /* Data/Lyrics/LyricsService.swift in Sources */ = {isa = PBXBuildFile; fileRef = FFA00001 /* Data/Lyrics/LyricsService.swift */; };
		FFB00002 /* Data/Database/Records/TrackRecord.swift in Sources */ = {isa = PBXBuildFile; fileRef = FFA00002 /* Data/Database/Records/TrackRecord.swift */; };
		FFB00003 /* Data/Database/Records/FolderRecord.swift in Sources */ = {isa = PBXBuildFile; fileRef = FFA00003 /* Data/Database/Records/FolderRecord.swift */; };
		FFB00004 /* Data/Database/Records/EQPresetRecord.swift in Sources */ = {isa = PBXBuildFile; fileRef = FFA00004 /* Data/Database/Records/EQPresetRecord.swift */; };
		FFB00005 /* Data/Database/Records/QueueStateRecord.swift in Sources */ = {isa = PBXBuildFile; fileRef = FFA00005 /* Data/Database/Records/QueueStateRecord.swift */; };
		FFB00006 /* Data/Database/Records/PlaylistRecord.swift in Sources */ = {isa = PBXBuildFile; fileRef = FFA00006 /* Data/Database/Records/PlaylistRecord.swift */; };
		FFB00007 /* Data/Database/DatabaseManager.swift in Sources */ = {isa = PBXBuildFile; fileRef = FFA00007 /* Data/Database/DatabaseManager.swift */; };
		FFB00008 /* Data/Library/LibraryManager.swift in Sources */ = {isa = PBXBuildFile; fileRef = FFA00008 /* Data/Library/LibraryManager.swift */; };
		FFB00009 /* Data/Library/MetadataExtractor.swift in Sources */ = {isa = PBXBuildFile; fileRef = FFA00009 /* Data/Library/MetadataExtractor.swift */; };
		FFB00010 /* Data/Library/FolderMonitor.swift in Sources */ = {isa = PBXBuildFile; fileRef = FFA00010 /* Data/Library/FolderMonitor.swift */; };
		FFB00011 /* Data/Audio/EQManager.swift in Sources */ = {isa = PBXBuildFile; fileRef = FFA00011 /* Data/Audio/EQManager.swift */; };
		FFB00012 /* Data/Audio/LoudnessNormalizer.swift in Sources */ = {isa = PBXBuildFile; fileRef = FFA00012 /* Data/Audio/LoudnessNormalizer.swift */; };
		FFB00013 /* Data/Audio/BASSEngine.swift in Sources */ = {isa = PBXBuildFile; fileRef = FFA00013 /* Data/Audio/BASSEngine.swift */; };
		FFB00014 /* Data/Audio/SystemMediaManager.swift in Sources */ = {isa = PBXBuildFile; fileRef = FFA00014 /* Data/Audio/SystemMediaManager.swift */; };
		FFB00015 /* Data/Audio/DACManager.swift in Sources */ = {isa = PBXBuildFile; fileRef = FFA00015 /* Data/Audio/DACManager.swift */; };
		FFB00016 /* Data/Audio/AudiophileSettings.swift in Sources */ = {isa = PBXBuildFile; fileRef = FFA00016 /* Data/Audio/AudiophileSettings.swift */; };
		FFB00017 /* Data/Audio/PlaybackManager.swift in Sources */ = {isa = PBXBuildFile; fileRef = FFA00017 /* Data/Audio/PlaybackManager.swift */; };
		FFB00099 /* Data/Audio/StreamCache.swift in Sources */ = {isa = PBXBuildFile; fileRef = FFA00099 /* Data/Audio/StreamCache.swift */; };
		FFB00018 /* Data/Metadata/SmartMetadataManager.swift in Sources */ = {isa = PBXBuildFile; fileRef = FFA00018 /* Data/Metadata/SmartMetadataManager.swift */; };
		FFB00019 /* Domain/Entities/Track.swift in Sources */ = {isa = PBXBuildFile; fileRef = FFA00019 /* Domain/Entities/Track.swift */; };
		FFB00020 /* ContentView.swift in Sources */ = {isa = PBXBuildFile; fileRef = FFA00020 /* ContentView.swift */; };
		FFB00021 /* Presentation/Screens/Settings/SettingsView.swift in Sources */ = {isa = PBXBuildFile; fileRef = FFA00021 /* Presentation/Screens/Settings/SettingsView.swift */; };
		FFB00022 /* Presentation/Screens/Home/HomeView.swift in Sources */ = {isa = PBXBuildFile; fileRef = FFA00022 /* Presentation/Screens/Home/HomeView.swift */; };
		FFB00023 /* Presentation/Screens/Playlists/PlaylistsView.swift in Sources */ = {isa = PBXBuildFile; fileRef = FFA00023 /* Presentation/Screens/Playlists/PlaylistsView.swift */; };
		FFB00024 /* Presentation/Screens/Library/LibraryView.swift in Sources */ = {isa = PBXBuildFile; fileRef = FFA00024 /* Presentation/Screens/Library/LibraryView.swift */; };
		FFB00025 /* Presentation/Screens/Library/LibraryDetailView.swift in Sources */ = {isa = PBXBuildFile; fileRef = FFA00025 /* Presentation/Screens/Library/LibraryDetailView.swift */; };
		FFB00026 /* Presentation/Screens/Player/FullScreenPlayerView.swift in Sources */ = {isa = PBXBuildFile; fileRef = FFA00026 /* Presentation/Screens/Player/FullScreenPlayerView.swift */; };
		FFB00027 /* Presentation/Components/GlobalSearch.swift in Sources */ = {isa = PBXBuildFile; fileRef = FFA00027 /* Presentation/Components/GlobalSearch.swift */; };
		FFB00028 /* Presentation/Components/CompactAudioOutputPicker.swift in Sources */ = {isa = PBXBuildFile; fileRef = FFA00028 /* Presentation/Components/CompactAudioOutputPicker.swift */; };
		FFB00029 /* Presentation/Components/UniversalSongRow.swift in Sources */ = {isa = PBXBuildFile; fileRef = FFA00029 /* Presentation/Components/UniversalSongRow.swift */; };
		FFB00030 /* Presentation/Components/HeartButton.swift in Sources */ = {isa = PBXBuildFile; fileRef = FFA00030 /* Presentation/Components/HeartButton.swift */; };
		FFB00031 /* Presentation/Components/TopTabBar.swift in Sources */ = {isa = PBXBuildFile; fileRef = FFA00031 /* Presentation/Components/TopTabBar.swift */; };
		FFB00032 /* Presentation/Components/TopBarMetadataIndicator.swift in Sources */ = {isa = PBXBuildFile; fileRef = FFA00032 /* Presentation/Components/TopBarMetadataIndicator.swift */; };
		FFB00033 /* Presentation/Components/SwipeBackDetector.swift in Sources */ = {isa = PBXBuildFile; fileRef = FFA00033 /* Presentation/Components/SwipeBackDetector.swift */; };
		FFB00034 /* Presentation/Components/LyricsView.swift in Sources */ = {isa = PBXBuildFile; fileRef = FFA00034 /* Presentation/Components/LyricsView.swift */; };
		FFB00035 /* Presentation/Components/QueueSidebar.swift in Sources */ = {isa = PBXBuildFile; fileRef = FFA00035 /* Presentation/Components/QueueSidebar.swift */; };
		FFB00036 /* Presentation/Components/FloatingDock.swift in Sources */ = {isa = PBXBuildFile; fileRef = FFA00036 /* Presentation/Components/FloatingDock.swift */; };
		FFB00037 /* Presentation/Components/LibraryInspectorView.swift in Sources */ = {isa = PBXBuildFile; fileRef = FFA00037 /* Presentation/Components/LibraryInspectorView.swift */; };
		FFB00038 /* Presentation/Components/QueueDropDelegate.swift in Sources */ = {isa = PBXBuildFile; fileRef = FFA00038 /* Presentation/Components/QueueDropDelegate.swift */; };
		FFB00039 /* Presentation/Components/ProgressLine.swift in Sources */ = {isa = PBXBuildFile; fileRef = FFA00039 /* Presentation/Components/ProgressLine.swift */; };
		FFB00040 /* Presentation/Components/ArtworkView.swift in Sources */ = {isa = PBXBuildFile; fileRef = FFA00040 /* Presentation/Components/ArtworkView.swift */; };
		FFB00041 /* Presentation/Theme/SangeetTheme.swift in Sources */ = {isa = PBXBuildFile; fileRef = FFA00041 /* Presentation/Theme/SangeetTheme.swift */; };
		FFB00042 /* Presentation/Components/EqualizerView.swift in Sources */ = {isa = PBXBuildFile; fileRef = FFA00042 /* Presentation/Components/EqualizerView.swift */; };
		FFB00043 /* Presentation/Components/DownloadButton.swift in Sources */ = {isa = PBXBuildFile; fileRef = FFA00043 /* Presentation/Components/DownloadButton.swift */; };
		FFB00044 /* Presentation/Theme/ThemeManager.swift in Sources */ = {isa = PBXBuildFile; fileRef = FFA00044 /* Presentation/Theme/ThemeManager.swift */; };
		FFB00045 /* Domain/Entities/AudioQuality.swift in Sources */ = {isa = PBXBuildFile; fileRef = FFA00045 /* Domain/Entities/AudioQuality.swift */; };
		FFB00046 /* Presentation/Components/QualityBadgeView.swift in Sources */ = {isa = PBXBuildFile; fileRef = FFA00046 /* Presentation/Components/QualityBadgeView.swift */; };
/* End PBXBuildFile section */

/* Begin PBXCopyFilesBuildPhase section */
		62DE56D92F02B31600A1D4EB /* Embed Libraries */ = {
			isa = PBXCopyFilesBuildPhase;
			buildActionMask = 2147483647;
			dstPath = "";
			dstSubfolderSpec = 10;
			files = (
				62DE572A2F02BC4400A1D4EB /* libbass.dylib in Embed Libraries */,
			);
			name = "Embed Libraries";
			runOnlyForDeploymentPostprocessing = 0;
		};
/* End PBXCopyFilesBuildPhase section */

/* Begin PBXFileReference section */
		6277341D2F0A8AA30091C40C /* TidalDLService.swift */ = {isa = PBXFileReference; lastKnownFileType = sourcecode.swift; path = TidalDLService.swift; sourceTree = "<group>"; };
		627734202F0A8AE10091C40C /* OnlineView.swift */ = {isa = PBXFileReference; lastKnownFileType = sourcecode.swift; path = OnlineView.swift; sourceTree = "<group>"; };
		627734212F0A8AE10091C40C /* OnlineViewModel.swift */ = {isa = PBXFileReference; lastKnownFileType = sourcecode.swift; path = OnlineViewModel.swift; sourceTree = "<group>"; };
		627734252F0A8B0E0091C40C /* DownloadManager.swift */ = {isa = PBXFileReference; lastKnownFileType = sourcecode.swift; path = DownloadManager.swift; sourceTree = "<group>"; };
		62DE55DD2F028D9000A1D4EB /* Sangeet3.app */ = {isa = PBXFileReference; explicitFileType = wrapper.application; includeInIndex = 0; path = Sangeet3.app; sourceTree = BUILT_PRODUCTS_DIR; };
		62DE57282F02BC4400A1D4EB /* libbass.dylib */ = {isa = PBXFileReference; lastKnownFileType = "compiled.mach-o.dylib"; name = libbass.dylib; path = "Data/Audio/BASS/libbass.dylib"; sourceTree = "<group>"; };
		A00000000000000000000001 /* Sangeet3App.swift */ = {isa = PBXFileReference; lastKnownFileType = sourcecode.swift; path = Sangeet3App.swift; sourceTree = "<group>"; };
		B00000000000000000000001 /* Data/Audio/PlaybackManager.swift */ = {isa = PBXFileReference; lastKnownFileType = sourcecode.swift; path = Data/Audio/PlaybackManager.swift; sourceTree = "<group>"; };
		BAA00000 /* Assets.xcassets */ = {isa = PBXFileReference; lastKnownFileType = folder.assetcatalog; path = Assets.xcassets; sourceTree = "<group>"; };
		C00000000000000000000001 /* Data/Library/LibraryManager.swift */ = {isa = PBXFileReference; lastKnownFileType = sourcecode.swift; path = Data/Library/LibraryManager.swift; sourceTree = "<group>"; };
		D00000000000000000000001 /* ContentView.swift */ = {isa = PBXFileReference; lastKnownFileType = sourcecode.swift; path = ContentView.swift; sourceTree = "<group>"; };
		E00000000000000000000001 /* Data/Database/Records/PlaylistRecord.swift */ = {isa = PBXFileReference; lastKnownFileType = sourcecode.swift; path = Data/Database/Records/PlaylistRecord.swift; sourceTree = "<group>"; };
		F00000000000000000000001 /* Data/Audio/EQManager.swift */ = {isa = PBXFileReference; lastKnownFileType = sourcecode.swift; path = Data/Audio/EQManager.swift; sourceTree = "<group>"; };
		FFA00000 /* Sangeet3App.swift */ = {isa = PBXFileReference; lastKnownFileType = sourcecode.swift; path = Sangeet3App.swift; sourceTree = "<group>"; };
		FFA00001 /* Data/Lyrics/LyricsService.swift */ = {isa = PBXFileReference; lastKnownFileType = sourcecode.swift; path = Data/Lyrics/LyricsService.swift; sourceTree = "<group>"; };
		FFA00002 /* Data/Database/Records/TrackRecord.swift */ = {isa = PBXFileReference; lastKnownFileType = sourcecode.swift; path = Data/Database/Records/TrackRecord.swift; sourceTree = "<group>"; };
		FFA00003 /* Data/Database/Records/FolderRecord.swift */ = {isa = PBXFileReference; lastKnownFileType = sourcecode.swift; path = Data/Database/Records/FolderRecord.swift; sourceTree = "<group>"; };
		FFA00004 /* Data/Database/Records/EQPresetRecord.swift */ = {isa = PBXFileReference; lastKnownFileType = sourcecode.swift; path = Data/Database/Records/EQPresetRecord.swift; sourceTree = "<group>"; };
		FFA00005 /* Data/Database/Records/QueueStateRecord.swift */ = {isa = PBXFileReference; lastKnownFileType = sourcecode.swift; path = Data/Database/Records/QueueStateRecord.swift; sourceTree = "<group>"; };
		FFA00006 /* Data/Database/Records/PlaylistRecord.swift */ = {isa = PBXFileReference; lastKnownFileType = sourcecode.swift; path = Data/Database/Records/PlaylistRecord.swift; sourceTree = "<group>"; };
		FFA00007 /* Data/Database/DatabaseManager.swift */ = {isa = PBXFileReference; lastKnownFileType = sourcecode.swift; path = Data/Database/DatabaseManager.swift; sourceTree = "<group>"; };
		FFA00008 /* Data/Library/LibraryManager.swift */ = {isa = PBXFileReference; lastKnownFileType = sourcecode.swift; path = Data/Library/LibraryManager.swift; sourceTree = "<group>"; };
		FFA00009 /* Data/Library/MetadataExtractor.swift */ = {isa = PBXFileReference; lastKnownFileType = sourcecode.swift; path = Data/Library/MetadataExtractor.swift; sourceTree = "<group>"; };
		FFA00010 /* Data/Library/FolderMonitor.swift */ = {isa = PBXFileReference; lastKnownFileType = sourcecode.swift; path = Data/Library/FolderMonitor.swift; sourceTree = "<group>"; };
		FFA00011 /* Data/Audio/EQManager.swift */ = {isa = PBXFileReference; lastKnownFileType = sourcecode.swift; path = Data/Audio/EQManager.swift; sourceTree = "<group>"; };
		FFA00012 /* Data/Audio/LoudnessNormalizer.swift */ = {isa = PBXFileReference; lastKnownFileType = sourcecode.swift; path = Data/Audio/LoudnessNormalizer.swift; sourceTree = "<group>"; };
		FFA00013 /* Data/Audio/BASSEngine.swift */ = {isa = PBXFileReference; lastKnownFileType = sourcecode.swift; path = Data/Audio/BASSEngine.swift; sourceTree = "<group>"; };
		FFA00014 /* Data/Audio/SystemMediaManager.swift */ = {isa = PBXFileReference; lastKnownFileType = sourcecode.swift; path = Data/Audio/SystemMediaManager.swift; sourceTree = "<group>"; };
		FFA00015 /* Data/Audio/DACManager.swift */ = {isa = PBXFileReference; lastKnownFileType = sourcecode.swift; path = Data/Audio/DACManager.swift; sourceTree = "<group>"; };
		FFA00016 /* Data/Audio/AudiophileSettings.swift */ = {isa = PBXFileReference; lastKnownFileType = sourcecode.swift; path = Data/Audio/AudiophileSettings.swift; sourceTree = "<group>"; };
		FFA00017 /* Data/Audio/PlaybackManager.swift */ = {isa = PBXFileReference; lastKnownFileType = sourcecode.swift; path = Data/Audio/PlaybackManager.swift; sourceTree = "<group>"; };
		FFA00099 /* Data/Audio/StreamCache.swift */ = {isa = PBXFileReference; lastKnownFileType = sourcecode.swift; path = Data/Audio/StreamCache.swift; sourceTree = "<group>"; };
		FFA00018 /* Data/Metadata/SmartMetadataManager.swift */ = {isa = PBXFileReference; lastKnownFileType = sourcecode.swift; path = Data/Metadata/SmartMetadataManager.swift; sourceTree = "<group>"; };
		FFA00019 /* Domain/Entities/Track.swift */ = {isa = PBXFileReference; lastKnownFileType = sourcecode.swift; path = Domain/Entities/Track.swift; sourceTree = "<group>"; };
		FFA00020 /* ContentView.swift */ = {isa = PBXFileReference; lastKnownFileType = sourcecode.swift; path = ContentView.swift; sourceTree = "<group>"; };
		FFA00021 /* Presentation/Screens/Settings/SettingsView.swift */ = {isa = PBXFileReference; lastKnownFileType = sourcecode.swift; path = Presentation/Screens/Settings/SettingsView.swift; sourceTree = "<group>"; };
		FFA00022 /* Presentation/Screens/Home/HomeView.swift */ = {isa = PBXFileReference; lastKnownFileType = sourcecode.swift; path = Presentation/Screens/Home/HomeView.swift; sourceTree = "<group>"; };
		FFA00023 /* Presentation/Screens/Playlists/PlaylistsView.swift */ = {isa = PBXFileReference; lastKnownFileType = sourcecode.swift; path = Presentation/Screens/Playlists/PlaylistsView.swift; sourceTree = "<group>"; };
		FFA00024 /* Presentation/Screens/Library/LibraryView.swift */ = {isa = PBXFileReference; lastKnownFileType = sourcecode.swift; path = Presentation/Screens/Library/LibraryView.swift; sourceTree = "<group>"; };
		FFA00025 /* Presentation/Screens/Library/LibraryDetailView.swift */ = {isa = PBXFileReference; lastKnownFileType = sourcecode.swift; path = Presentation/Screens/Library/LibraryDetailView.swift; sourceTree = "<group>"; };
		FFA00026 /* Presentation/Screens/Player/FullScreenPlayerView.swift */ = {isa = PBXFileReference; lastKnownFileType = sourcecode.swift; path = Presentation/Screens/Player/FullScreenPlayerView.swift; sourceTree = "<group>"; };
		FFA00027 /* Presentation/Components/GlobalSearch.swift */ = {isa = PBXFileReference; lastKnownFileType = sourcecode.swift; path = Presentation/Components/GlobalSearch.swift; sourceTree = "<group>"; };
		FFA00028 /* Presentation/Components/CompactAudioOutputPicker.swift */ = {isa = PBXFileReference; lastKnownFileType = sourcecode.swift; path = Presentation/Components/CompactAudioOutputPicker.swift; sourceTree = "<group>"; };
		FFA00029 /* Presentation/Components/UniversalSongRow.swift */ = {isa = PBXFileReference; lastKnownFileType = sourcecode.swift; path = Presentation/Components/UniversalSongRow.swift; sourceTree = "<group>"; };
		FFA00030 /* Presentation/Components/HeartButton.swift */ = {isa = PBXFileReference; lastKnownFileType = sourcecode.swift; path = Presentation/Components/HeartButton.swift; sourceTree = "<group>"; };
		FFA00031 /* Presentation/Components/TopTabBar.swift */ = {isa = PBXFileReference; lastKnownFileType = sourcecode.swift; path = Presentation/Components/TopTabBar.swift; sourceTree = "<group>"; };
		FFA00032 /* Presentation/Components/TopBarMetadataIndicator.swift */ = {isa = PBXFileReference; lastKnownFileType = sourcecode.swift; path = Presentation/Components/TopBarMetadataIndicator.swift; sourceTree = "<group>"; };
		FFA00033 /* Presentation/Components/SwipeBackDetector.swift */ = {isa = PBXFileReference; lastKnownFileType = sourcecode.swift; path = Presentation/Components/SwipeBackDetector.swift; sourceTree = "<group>"; };
		FFA00034 /* Presentation/Components/LyricsView.swift */ = {isa = PBXFileReference; lastKnownFileType = sourcecode.swift; path = Presentation/Components/LyricsView.swift; sourceTree = "<group>"; };
		FFA00035 /* Presentation/Components/QueueSidebar.swift */ = {isa = PBXFileReference; lastKnownFileType = sourcecode.swift; path = Presentation/Components/QueueSidebar.swift; sourceTree = "<group>"; };
		FFA00036 /* Presentation/Components/FloatingDock.swift */ = {isa = PBXFileReference; lastKnownFileType = sourcecode.swift; path = Presentation/Components/FloatingDock.swift; sourceTree = "<group>"; };
		FFA00037 /* Presentation/Components/LibraryInspectorView.swift */ = {isa = PBXFileReference; lastKnownFileType = sourcecode.swift; path = Presentation/Components/LibraryInspectorView.swift; sourceTree = "<group>"; };
		FFA00038 /* Presentation/Components/QueueDropDelegate.swift */ = {isa = PBXFileReference; lastKnownFileType = sourcecode.swift; path = Presentation/Components/QueueDropDelegate.swift; sourceTree = "<group>"; };
		FFA00039 /* Presentation/Components/ProgressLine.swift */ = {isa = PBXFileReference; lastKnownFileType = sourcecode.swift; path = Presentation/Components/ProgressLine.swift; sourceTree = "<group>"; };
		FFA00040 /* Presentation/Components/ArtworkView.swift */ = {isa = PBXFileReference; lastKnownFileType = sourcecode.swift; path = Presentation/Components/ArtworkView.swift; sourceTree = "<group>"; };
		FFA00041 /* Presentation/Theme/SangeetTheme.swift */ = {isa = PBXFileReference; lastKnownFileType = sourcecode.swift; path = Presentation/Theme/SangeetTheme.swift; sourceTree = "<group>"; };
		FFA00042 /* Presentation/Components/EqualizerView.swift */ = {isa = PBXFileReference; lastKnownFileType = sourcecode.swift; path = Presentation/Components/EqualizerView.swift; sourceTree = "<group>"; };
		FFA00043 /* Presentation/Components/DownloadButton.swift */ = {isa = PBXFileReference; lastKnownFileType = sourcecode.swift; path = Presentation/Components/DownloadButton.swift; sourceTree = "<group>"; };
		FFA00044 /* Presentation/Theme/ThemeManager.swift */ = {isa = PBXFileReference; lastKnownFileType = sourcecode.swift; path = Presentation/Theme/ThemeManager.swift; sourceTree = "<group>"; };
		FFA00045 /* Domain/Entities/AudioQuality.swift */ = {isa = PBXFileReference; lastKnownFileType = sourcecode.swift; path = Domain/Entities/AudioQuality.swift; sourceTree = "<group>"; };
		FFA00046 /* Presentation/Components/QualityBadgeView.swift */ = {isa = PBXFileReference; lastKnownFileType = sourcecode.swift; path = Presentation/Components/QualityBadgeView.swift; sourceTree = "<group>"; };
/* End PBXFileReference section */

/* Begin PBXFileSystemSynchronizedRootGroup section */
		62DE55DF2F028D9000A1D4EB /* Sangeet3 */ = {
			isa = PBXFileSystemSynchronizedRootGroup;
			path = Sangeet3;
			sourceTree = "<group>";
		};
/* End PBXFileSystemSynchronizedRootGroup section */

/* Begin PBXFrameworksBuildPhase section */
		62DE55DA2F028D9000A1D4EB /* Frameworks */ = {
			isa = PBXFrameworksBuildPhase;
			buildActionMask = 2147483647;
			files = (
				62DE57292F02BC4400A1D4EB /* libbass.dylib in Frameworks */,
				62DE57392F02EF8F00A1D4EB /* GRDB in Frameworks */,
			);
			runOnlyForDeploymentPostprocessing = 0;
		};
/* End PBXFrameworksBuildPhase section */

/* Begin PBXGroup section */
		6277341E2F0A8AA30091C40C /* Network */ = {
			isa = PBXGroup;
			children = (
				6277341D2F0A8AA30091C40C /* TidalDLService.swift */,
			);
			path = Network;
			sourceTree = "<group>";
		};
		627734222F0A8AE10091C40C /* Online */ = {
			isa = PBXGroup;
			children = (
				627734202F0A8AE10091C40C /* OnlineView.swift */,
				627734212F0A8AE10091C40C /* OnlineViewModel.swift */,
			);
			path = Online;
			sourceTree = "<group>";
		};
		62AE3AF62F05674400D8EFAA /* Recovered References */ = {
			isa = PBXGroup;
			children = (
				FFA00000 /* Sangeet3App.swift */,
				BAA00000 /* Assets.xcassets */,
			);
			name = "Recovered References";
			sourceTree = "<group>";
		};
		62DE55D42F028D9000A1D4EB = {
			isa = PBXGroup;
			children = (
				627734252F0A8B0E0091C40C /* DownloadManager.swift */,
				627734222F0A8AE10091C40C /* Online */,
				6277341E2F0A8AA30091C40C /* Network */,
				A00000000000000000000001 /* Sangeet3App.swift */,
				FFA00001 /* Data/Lyrics/LyricsService.swift */,
				FFA00002 /* Data/Database/Records/TrackRecord.swift */,
				FFA00003 /* Data/Database/Records/FolderRecord.swift */,
				FFA00004 /* Data/Database/Records/EQPresetRecord.swift */,
				FFA00005 /* Data/Database/Records/QueueStateRecord.swift */,
				FFA00006 /* Data/Database/Records/PlaylistRecord.swift */,
				FFA00007 /* Data/Database/DatabaseManager.swift */,
				FFA00008 /* Data/Library/LibraryManager.swift */,
				FFA00009 /* Data/Library/MetadataExtractor.swift */,
				FFA00010 /* Data/Library/FolderMonitor.swift */,
				FFA00011 /* Data/Audio/EQManager.swift */,
				FFA00012 /* Data/Audio/LoudnessNormalizer.swift */,
				FFA00013 /* Data/Audio/BASSEngine.swift */,
				FFA00014 /* Data/Audio/SystemMediaManager.swift */,
				FFA00015 /* Data/Audio/DACManager.swift */,
				FFA00016 /* Data/Audio/AudiophileSettings.swift */,
				FFA00017 /* Data/Audio/PlaybackManager.swift */,
				FFA00018 /* Data/Metadata/SmartMetadataManager.swift */,
				FFA00019 /* Domain/Entities/Track.swift */,
				FFA00045 /* Domain/Entities/AudioQuality.swift */,
				FFA00046 /* Presentation/Components/QualityBadgeView.swift */,
				FFA00020 /* ContentView.swift */,
				FFA00021 /* Presentation/Screens/Settings/SettingsView.swift */,
				FFA00022 /* Presentation/Screens/Home/HomeView.swift */,
				FFA00023 /* Presentation/Screens/Playlists/PlaylistsView.swift */,
				FFA00024 /* Presentation/Screens/Library/LibraryView.swift */,
				FFA00025 /* Presentation/Screens/Library/LibraryDetailView.swift */,
				FFA00026 /* Presentation/Screens/Player/FullScreenPlayerView.swift */,
				FFA00027 /* Presentation/Components/GlobalSearch.swift */,
				FFA00028 /* Presentation/Components/CompactAudioOutputPicker.swift */,
				FFA00029 /* Presentation/Components/UniversalSongRow.swift */,
				FFA00030 /* Presentation/Components/HeartButton.swift */,
				FFA00031 /* Presentation/Components/TopTabBar.swift */,
				FFA00042 /* Presentation/Components/EqualizerView.swift */,
				FFA00033 /* Presentation/Components/SwipeBackDetector.swift */,
				FFA00034 /* Presentation/Components/LyricsView.swift */,
				FFA00035 /* Presentation/Components/QueueSidebar.swift */,
				FFA00036 /* Presentation/Components/FloatingDock.swift */,
				FFA00037 /* Presentation/Components/LibraryInspectorView.swift */,
				FFA00038 /* Presentation/Components/QueueDropDelegate.swift */,
				FFA00039 /* Presentation/Components/ProgressLine.swift */,
				FFA00040 /* Presentation/Components/ArtworkView.swift */,
				FFA00041 /* Presentation/Theme/SangeetTheme.swift */,
				FFA00044 /* Presentation/Theme/ThemeManager.swift */,
				FFA00043 /* Presentation/Components/DownloadButton.swift */,
				B00000000000000000000001 /* Data/Audio/PlaybackManager.swift */,
				C00000000000000000000001 /* Data/Library/LibraryManager.swift */,
				D00000000000000000000001 /* ContentView.swift */,
				E00000000000000000000001 /* Data/Database/Records/PlaylistRecord.swift */,
				F00000000000000000000001 /* Data/Audio/EQManager.swift */,
				62DE55DF2F028D9000A1D4EB /* Sangeet3 */,
				62DE56D62F02B31600A1D4EB /* Frameworks */,
				62DE55DE2F028D9000A1D4EB /* Products */,
				62AE3AF62F05674400D8EFAA /* Recovered References */,
			);
			sourceTree = "<group>";
		};
		62DE55DE2F028D9000A1D4EB /* Products */ = {
			isa = PBXGroup;
			children = (
				62DE55DD2F028D9000A1D4EB /* Sangeet3.app */,
			);
			name = Products;
			sourceTree = "<group>";
		};
		62DE56D62F02B31600A1D4EB /* Frameworks */ = {
			isa = PBXGroup;
			children = (
				62DE57282F02BC4400A1D4EB /* libbass.dylib */,
			);
			name = Frameworks;
			sourceTree = "<group>";
		};
/* End PBXGroup section */

/* Begin PBXNativeTarget section */
		62DE55DC2F028D9000A1D4EB /* Sangeet3 */ = {
			isa = PBXNativeTarget;
			buildConfigurationList = 62DE55E82F028D9200A1D4EB /* Build configuration list for PBXNativeTarget "Sangeet3" */;
			buildPhases = (
				62DE55D92F028D9000A1D4EB /* Sources */,
				62DE55DA2F028D9000A1D4EB /* Frameworks */,
				62DE55DB2F028D9000A1D4EB /* Resources */,
				62DE56D92F02B31600A1D4EB /* Embed Libraries */,
			);
			buildRules = (
			);
			dependencies = (
			);
			fileSystemSynchronizedGroups = (
				62DE55DF2F028D9000A1D4EB /* Sangeet3 */,
			);
			name = Sangeet3;
			packageProductDependencies = (
				62DE57382F02EF8F00A1D4EB /* GRDB */,
			);
			productName = Sangeet3;
			productReference = 62DE55DD2F028D9000A1D4EB /* Sangeet3.app */;
			productType = "com.apple.product-type.application";
		};
/* End PBXNativeTarget section */

/* Begin PBXProject section */
		62DE55D52F028D9000A1D4EB /* Project object */ = {
			isa = PBXProject;
			attributes = {
				BuildIndependentTargetsInParallel = 1;
				LastSwiftUpdateCheck = 2620;
				LastUpgradeCheck = 2620;
				TargetAttributes = {
					62DE55DC2F028D9000A1D4EB = {
						CreatedOnToolsVersion = 26.2;
					};
				};
			};
			buildConfigurationList = 62DE55D82F028D9000A1D4EB /* Build configuration list for PBXProject "Sangeet3" */;
			developmentRegion = en;
			hasScannedForEncodings = 0;
			knownRegions = (
				en,
				Base,
			);
			mainGroup = 62DE55D42F028D9000A1D4EB;
			minimizedProjectReferenceProxies = 1;
			packageReferences = (
				62DE57372F02EF8F00A1D4EB /* XCRemoteSwiftPackageReference "GRDB.swift" */,
			);
			preferredProjectObjectVersion = 77;
			productRefGroup = 62DE55DE2F028D9000A1D4EB /* Products */;
			projectDirPath = "";
			projectRoot = "";
			targets = (
				62DE55DC2F028D9000A1D4EB /* Sangeet3 */,
			);
		};
/* End PBXProject section */

/* Begin PBXResourcesBuildPhase section */
		62DE55DB2F028D9000A1D4EB /* Resources */ = {
			isa = PBXResourcesBuildPhase;
			buildActionMask = 2147483647;
			files = (
				BAA00001 /* Assets.xcassets in Resources */,
			);
			runOnlyForDeploymentPostprocessing = 0;
		};
/* End PBXResourcesBuildPhase section */

/* Begin PBXSourcesBuildPhase section */
		62DE55D92F028D9000A1D4EB /* Sources */ = {
			isa = PBXSourcesBuildPhase;
			buildActionMask = 2147483647;
			files = (
				6277341F2F0A8AA30091C40C /* TidalDLService.swift in Sources */,
				FFB00000 /* Sangeet3App.swift in Sources */,
				FFB00001 /* Data/Lyrics/LyricsService.swift in Sources */,
				FFB00002 /* Data/Database/Records/TrackRecord.swift in Sources */,
				FFB00003 /* Data/Database/Records/FolderRecord.swift in Sources */,
				FFB00004 /* Data/Database/Records/EQPresetRecord.swift in Sources */,
				FFB00005 /* Data/Database/Records/QueueStateRecord.swift in Sources */,
				FFB00006 /* Data/Database/Records/PlaylistRecord.swift in Sources */,
				FFB00007 /* Data/Database/DatabaseManager.swift in Sources */,
				FFB00008 /* Data/Library/LibraryManager.swift in Sources */,
				FFB00009 /* Data/Library/MetadataExtractor.swift in Sources */,
				FFB00010 /* Data/Library/FolderMonitor.swift in Sources */,
				FFB00011 /* Data/Audio/EQManager.swift in Sources */,
				FFB00012 /* Data/Audio/LoudnessNormalizer.swift in Sources */,
				FFB00013 /* Data/Audio/BASSEngine.swift in Sources */,
				FFB00014 /* Data/Audio/SystemMediaManager.swift in Sources */,
				FFB00015 /* Data/Audio/DACManager.swift in Sources */,
				FFB00016 /* Data/Audio/AudiophileSettings.swift in Sources */,
				FFB00017 /* Data/Audio/PlaybackManager.swift in Sources */,
				FFB00099 /* Data/Audio/StreamCache.swift in Sources */,
				FFB00018 /* Data/Metadata/SmartMetadataManager.swift in Sources */,
				627734232F0A8AE10091C40C /* OnlineViewModel.swift in Sources */,
				627734242F0A8AE10091C40C /* OnlineView.swift in Sources */,
				FFB00019 /* Domain/Entities/Track.swift in Sources */,
				FFB00045 /* Domain/Entities/AudioQuality.swift in Sources */,
				FFB00046 /* Presentation/Components/QualityBadgeView.swift in Sources */,
				FFB00020 /* ContentView.swift in Sources */,
				FFB00021 /* Presentation/Screens/Settings/SettingsView.swift in Sources */,
				FFB00022 /* Presentation/Screens/Home/HomeView.swift in Sources */,
				FFB00023 /* Presentation/Screens/Playlists/PlaylistsView.swift in Sources */,
				FFB00024 /* Presentation/Screens/Library/LibraryView.swift in Sources */,
				FFB00025 /* Presentation/Screens/Library/LibraryDetailView.swift in Sources */,
				FFB00026 /* Presentation/Screens/Player/FullScreenPlayerView.swift in Sources */,
				FFB00027 /* Presentation/Components/GlobalSearch.swift in Sources */,
				FFB00028 /* Presentation/Components/CompactAudioOutputPicker.swift in Sources */,
				FFB00029 /* Presentation/Components/UniversalSongRow.swift in Sources */,
				FFB00030 /* Presentation/Components/HeartButton.swift in Sources */,
				FFB00031 /* Presentation/Components/TopTabBar.swift in Sources */,
				FFB00032 /* Presentation/Components/TopBarMetadataIndicator.swift in Sources */,
				FFB00042 /* Presentation/Components/EqualizerView.swift in Sources */,
				FFB00033 /* Presentation/Components/SwipeBackDetector.swift in Sources */,
				FFB00034 /* Presentation/Components/LyricsView.swift in Sources */,
				FFB00035 /* Presentation/Components/QueueSidebar.swift in Sources */,
				FFB00036 /* Presentation/Components/FloatingDock.swift in Sources */,
				FFB00037 /* Presentation/Components/LibraryInspectorView.swift in Sources */,
				FFB00038 /* Presentation/Components/QueueDropDelegate.swift in Sources */,
				FFB00039 /* Presentation/Components/ProgressLine.swift in Sources */,
				FFB00040 /* Presentation/Components/ArtworkView.swift in Sources */,
				FFB00041 /* Presentation/Theme/SangeetTheme.swift in Sources */,
				FFB00043 /* Presentation/Components/DownloadButton.swift in Sources */,
				FFB00044 /* Presentation/Theme/ThemeManager.swift in Sources */,
				627734262F0A8B0E0091C40C /* DownloadManager.swift in Sources */,
			);
			runOnlyForDeploymentPostprocessing = 0;
		};
/* End PBXSourcesBuildPhase section */

/* Begin XCBuildConfiguration section */
		62DE55E62F028D9200A1D4EB /* Debug */ = {
			isa = XCBuildConfiguration;
			buildSettings = {
				ALWAYS_SEARCH_USER_PATHS = NO;
				ASSETCATALOG_COMPILER_GENERATE_SWIFT_ASSET_SYMBOL_EXTENSIONS = YES;
				CLANG_ANALYZER_NONNULL = YES;
				CLANG_ANALYZER_NUMBER_OBJECT_CONVERSION = YES_AGGRESSIVE;
				CLANG_CXX_LANGUAGE_STANDARD = "gnu++20";
				CLANG_ENABLE_MODULES = YES;
				CLANG_ENABLE_OBJC_ARC = YES;
				CLANG_ENABLE_OBJC_WEAK = YES;
				CLANG_WARN_BLOCK_CAPTURE_AUTORELEASING = YES;
				CLANG_WARN_BOOL_CONVERSION = YES;
				CLANG_WARN_COMMA = YES;
				CLANG_WARN_CONSTANT_CONVERSION = YES;
				CLANG_WARN_DEPRECATED_OBJC_IMPLEMENTATIONS = YES;
				CLANG_WARN_DIRECT_OBJC_ISA_USAGE = YES_ERROR;
				CLANG_WARN_DOCUMENTATION_COMMENTS = YES;
				CLANG_WARN_EMPTY_BODY = YES;
				CLANG_WARN_ENUM_CONVERSION = YES;
				CLANG_WARN_INFINITE_RECURSION = YES;
				CLANG_WARN_INT_CONVERSION = YES;
				CLANG_WARN_NON_LITERAL_NULL_CONVERSION = YES;
				CLANG_WARN_OBJC_IMPLICIT_RETAIN_SELF = YES;
				CLANG_WARN_OBJC_LITERAL_CONVERSION = YES;
				CLANG_WARN_OBJC_ROOT_CLASS = YES_ERROR;
				CLANG_WARN_QUOTED_INCLUDE_IN_FRAMEWORK_HEADER = YES;
				CLANG_WARN_RANGE_LOOP_ANALYSIS = YES;
				CLANG_WARN_STRICT_PROTOTYPES = YES;
				CLANG_WARN_SUSPICIOUS_MOVE = YES;
				CLANG_WARN_UNGUARDED_AVAILABILITY = YES_AGGRESSIVE;
				CLANG_WARN_UNREACHABLE_CODE = YES;
				CLANG_WARN__DUPLICATE_METHOD_MATCH = YES;
				COPY_PHASE_STRIP = NO;
				DEBUG_INFORMATION_FORMAT = dwarf;
				ENABLE_STRICT_OBJC_MSGSEND = YES;
				ENABLE_TESTABILITY = YES;
				ENABLE_USER_SCRIPT_SANDBOXING = YES;
				GCC_C_LANGUAGE_STANDARD = gnu17;
				GCC_DYNAMIC_NO_PIC = NO;
				GCC_NO_COMMON_BLOCKS = YES;
				GCC_OPTIMIZATION_LEVEL = 0;
				GCC_PREPROCESSOR_DEFINITIONS = (
					"DEBUG=1",
					"$(inherited)",
				);
				GCC_WARN_64_TO_32_BIT_CONVERSION = YES;
				GCC_WARN_ABOUT_RETURN_TYPE = YES_ERROR;
				GCC_WARN_UNDECLARED_SELECTOR = YES;
				GCC_WARN_UNINITIALIZED_AUTOS = YES_AGGRESSIVE;
				GCC_WARN_UNUSED_FUNCTION = YES;
				GCC_WARN_UNUSED_VARIABLE = YES;
				LOCALIZATION_PREFERS_STRING_CATALOGS = YES;
				MACOSX_DEPLOYMENT_TARGET = 26.1;
				MTL_ENABLE_DEBUG_INFO = INCLUDE_SOURCE;
				MTL_FAST_MATH = YES;
				ONLY_ACTIVE_ARCH = YES;
				SDKROOT = macosx;
				SWIFT_ACTIVE_COMPILATION_CONDITIONS = "DEBUG $(inherited)";
				SWIFT_OPTIMIZATION_LEVEL = "-Onone";
			};
			name = Debug;
		};
		62DE55E72F028D9200A1D4EB /* Release */ = {
			isa = XCBuildConfiguration;
			buildSettings = {
				ALWAYS_SEARCH_USER_PATHS = NO;
				ASSETCATALOG_COMPILER_GENERATE_SWIFT_ASSET_SYMBOL_EXTENSIONS = YES;
				CLANG_ANALYZER_NONNULL = YES;
				CLANG_ANALYZER_NUMBER_OBJECT_CONVERSION = YES_AGGRESSIVE;
				CLANG_CXX_LANGUAGE_STANDARD = "gnu++20";
				CLANG_ENABLE_MODULES = YES;
				CLANG_ENABLE_OBJC_ARC = YES;
				CLANG_ENABLE_OBJC_WEAK = YES;
				CLANG_WARN_BLOCK_CAPTURE_AUTORELEASING = YES;
				CLANG_WARN_BOOL_CONVERSION = YES;
				CLANG_WARN_COMMA = YES;
				CLANG_WARN_CONSTANT_CONVERSION = YES;
				CLANG_WARN_DEPRECATED_OBJC_IMPLEMENTATIONS = YES;
				CLANG_WARN_DIRECT_OBJC_ISA_USAGE = YES_ERROR;
				CLANG_WARN_DOCUMENTATION_COMMENTS = YES;
				CLANG_WARN_EMPTY_BODY = YES;
				CLANG_WARN_ENUM_CONVERSION = YES;
				CLANG_WARN_INFINITE_RECURSION = YES;
				CLANG_WARN_INT_CONVERSION = YES;
				CLANG_WARN_NON_LITERAL_NULL_CONVERSION = YES;
				CLANG_WARN_OBJC_IMPLICIT_RETAIN_SELF = YES;
				CLANG_WARN_OBJC_LITERAL_CONVERSION = YES;
				CLANG_WARN_OBJC_ROOT_CLASS = YES_ERROR;
				CLANG_WARN_QUOTED_INCLUDE_IN_FRAMEWORK_HEADER = YES;
				CLANG_WARN_RANGE_LOOP_ANALYSIS = YES;
				CLANG_WARN_STRICT_PROTOTYPES = YES;
				CLANG_WARN_SUSPICIOUS_MOVE = YES;
				CLANG_WARN_UNGUARDED_AVAILABILITY = YES_AGGRESSIVE;
				CLANG_WARN_UNREACHABLE_CODE = YES;
				CLANG_WARN__DUPLICATE_METHOD_MATCH = YES;
				COPY_PHASE_STRIP = NO;
				DEBUG_INFORMATION_FORMAT = "dwarf-with-dsym";
				ENABLE_NS_ASSERTIONS = NO;
				ENABLE_STRICT_OBJC_MSGSEND = YES;
				ENABLE_USER_SCRIPT_SANDBOXING = YES;
				GCC_C_LANGUAGE_STANDARD = gnu17;
				GCC_NO_COMMON_BLOCKS = YES;
				GCC_WARN_64_TO_32_BIT_CONVERSION = YES;
				GCC_WARN_ABOUT_RETURN_TYPE = YES_ERROR;
				GCC_WARN_UNDECLARED_SELECTOR = YES;
				GCC_WARN_UNINITIALIZED_AUTOS = YES_AGGRESSIVE;
				GCC_WARN_UNUSED_FUNCTION = YES;
				GCC_WARN_UNUSED_VARIABLE = YES;
				LOCALIZATION_PREFERS_STRING_CATALOGS = YES;
				MACOSX_DEPLOYMENT_TARGET = 26.1;
				MTL_ENABLE_DEBUG_INFO = NO;
				MTL_FAST_MATH = YES;
				SDKROOT = macosx;
				SWIFT_COMPILATION_MODE = wholemodule;
			};
			name = Release;
		};
		62DE55E92F028D9200A1D4EB /* Debug */ = {
			isa = XCBuildConfiguration;
			buildSettings = {
				ASSETCATALOG_COMPILER_APPICON_NAME = AppIcon;
				ASSETCATALOG_COMPILER_GLOBAL_ACCENT_COLOR_NAME = AccentColor;
				CODE_SIGN_ENTITLEMENTS = Sangeet3/Sangeet3.entitlements;
				CODE_SIGN_STYLE = Automatic;
				COMBINE_HIDPI_IMAGES = YES;
				CURRENT_PROJECT_VERSION = 1;
				ENABLE_APP_SANDBOX = NO;
				ENABLE_PREVIEWS = YES;
				ESCAPED_INFOPLIST_FILE = Sangeet3/Info.plist;
				GENERATE_INFOPLIST_FILE = NO;
				INFOPLIST_FILE = Sangeet3/Info.plist;
				LD_RUNPATH_SEARCH_PATHS = (
					"$(inherited)",
					"@executable_path/../Frameworks",
				);
				LIBRARY_SEARCH_PATHS = (
					"$(inherited)",
					"$(PROJECT_DIR)/Data/Audio/BASS",
				);
				MARKETING_VERSION = 1.0;
				OTHER_LDFLAGS = (
					"$(inherited)",
					"-lbass",
				);
				PRODUCT_BUNDLE_IDENTIFIER = com.yashvardhan.Sangeet3;
				PRODUCT_NAME = "$(TARGET_NAME)";
				REGISTER_APP_GROUPS = YES;
				STRING_CATALOG_GENERATE_SYMBOLS = YES;
				SWIFT_APPROACHABLE_CONCURRENCY = YES;
				SWIFT_DEFAULT_ACTOR_ISOLATION = MainActor;
				SWIFT_EMIT_LOC_STRINGS = YES;
				SWIFT_INCLUDE_PATHS = Data/Audio/BASS;
				SWIFT_UPCOMING_FEATURE_MEMBER_IMPORT_VISIBILITY = YES;
				SWIFT_VERSION = 5.0;
			};
			name = Debug;
		};
		62DE55EA2F028D9200A1D4EB /* Release */ = {
			isa = XCBuildConfiguration;
			buildSettings = {
				ASSETCATALOG_COMPILER_APPICON_NAME = AppIcon;
				ASSETCATALOG_COMPILER_GLOBAL_ACCENT_COLOR_NAME = AccentColor;
				CODE_SIGN_ENTITLEMENTS = Sangeet3/Sangeet3.entitlements;
				CODE_SIGN_STYLE = Automatic;
				COMBINE_HIDPI_IMAGES = YES;
				CURRENT_PROJECT_VERSION = 1;
				ENABLE_APP_SANDBOX = NO;
				ENABLE_PREVIEWS = YES;
				ESCAPED_INFOPLIST_FILE = Sangeet3/Info.plist;
				GENERATE_INFOPLIST_FILE = NO;
				INFOPLIST_FILE = Sangeet3/Info.plist;
				LD_RUNPATH_SEARCH_PATHS = (
					"$(inherited)",
					"@executable_path/../Frameworks",
				);
				LIBRARY_SEARCH_PATHS = (
					"$(inherited)",
					"$(PROJECT_DIR)/Data/Audio/BASS",
				);
				MARKETING_VERSION = 1.0;
				PRODUCT_BUNDLE_IDENTIFIER = com.yashvardhan.Sangeet3;
				PRODUCT_NAME = "$(TARGET_NAME)";
				REGISTER_APP_GROUPS = YES;
				STRING_CATALOG_GENERATE_SYMBOLS = YES;
				SWIFT_APPROACHABLE_CONCURRENCY = YES;
				SWIFT_DEFAULT_ACTOR_ISOLATION = MainActor;
				SWIFT_EMIT_LOC_STRINGS = YES;
				SWIFT_INCLUDE_PATHS = Data/Audio/BASS;
				SWIFT_UPCOMING_FEATURE_MEMBER_IMPORT_VISIBILITY = YES;
				SWIFT_VERSION = 5.0;
			};
			name = Release;
		};
/* End XCBuildConfiguration section */

/* Begin XCConfigurationList section */
		62DE55D82F028D9000A1D4EB /* Build configuration list for PBXProject "Sangeet3" */ = {
			isa = XCConfigurationList;
			buildConfigurations = (
				62DE55E62F028D9200A1D4EB /* Debug */,
				62DE55E72F028D9200A1D4EB /* Release */,
			);
			defaultConfigurationIsVisible = 0;
			defaultConfigurationName = Release;
		};
		62DE55E82F028D9200A1D4EB /* Build configuration list for PBXNativeTarget "Sangeet3" */ = {
			isa = XCConfigurationList;
			buildConfigurations = (
				62DE55E92F028D9200A1D4EB /* Debug */,
				62DE55EA2F028D9200A1D4EB /* Release */,
			);
			defaultConfigurationIsVisible = 0;
			defaultConfigurationName = Release;
		};
/* End XCConfigurationList section */

/* Begin XCRemoteSwiftPackageReference section */
		62DE57372F02EF8F00A1D4EB /* XCRemoteSwiftPackageReference "GRDB.swift" */ = {
			isa = XCRemoteSwiftPackageReference;
			repositoryURL = "https://github.com/groue/GRDB.swift.git";
			requirement = {
				branch = master;
				kind = branch;
			};
		};
/* End XCRemoteSwiftPackageReference section */

/* Begin XCSwiftPackageProductDependency section */
		62DE57382F02EF8F00A1D4EB /* GRDB */ = {
			isa = XCSwiftPackageProductDependency;
			package = 62DE57372F02EF8F00A1D4EB /* XCRemoteSwiftPackageReference "GRDB.swift" */;
			productName = GRDB;
		};
/* End XCSwiftPackageProductDependency section */
	};
	rootObject = 62DE55D52F028D9000A1D4EB /* Project object */;
}
